# This file is generated by running "yarn install" inside your project.
# Manual changes might be lost - proceed with caution!

__metadata:
  version: 6
  cacheKey: 8

"@prisma/engines@npm:4.16.1":
  version: 4.16.1
  resolution: "@prisma/engines@npm:4.16.1"
  checksum: 7b8c1a9e20434edaa919fb24585ebff573c4ace787ea5a135dfefde3571ae31d3f0b0347397774c38be6d2e3fc0087d4e21a2720fe9f7a66ffd870e34377040f
  languageName: node
  linkType: hard

"prisma@npm:^4.16.1":
  version: 4.16.1
  resolution: "prisma@npm:4.16.1"
  dependencies:
    "@prisma/engines": 4.16.1
  bin:
    prisma: build/index.js
    prisma2: build/index.js
  checksum: eb0f43970464fbaa6ba190a714f23d00acd39dcc14fd8a7183dffc51a548cc32040cc5360415787578749862af7501a7bedcf9f2a0e64a3f82e3af402e9439d7
  languageName: node
  linkType: hard

"root-workspace-0b6124@workspace:.":
  version: 0.0.0-use.local
  resolution: "root-workspace-0b6124@workspace:."
  dependencies:
    prisma: ^4.16.1
  languageName: unknown
  linkType: soft
