# This file is generated by running "yarn install" inside your project.
# Manual changes might be lost - proceed with caution!

__metadata:
  version: 6
  cacheKey: 8

"@prisma/client@npm:4.13.0":
  version: 4.13.0
  resolution: "@prisma/client@npm:4.13.0"
  dependencies:
    "@prisma/engines-version": 4.13.0-50.1e7af066ee9cb95cf3a403c78d9aab3e6b04f37a
  peerDependencies:
    prisma: "*"
  peerDependenciesMeta:
    prisma:
      optional: true
  checksum: 74e2ede6308d6f70dc6244c34d13cf5f6c8da4f1a1ffe42a26192675ecac02733cb5482518d2a37fa057f160873fe8d42f5e3a08fc45d52b1eb386522bdbec0b
  languageName: node
  linkType: hard

"@prisma/engines-version@npm:4.13.0-50.1e7af066ee9cb95cf3a403c78d9aab3e6b04f37a":
  version: 4.13.0-50.1e7af066ee9cb95cf3a403c78d9aab3e6b04f37a
  resolution: "@prisma/engines-version@npm:4.13.0-50.1e7af066ee9cb95cf3a403c78d9aab3e6b04f37a"
  checksum: cc583fe956b65fd4548082917f14ccf1c3c54d6b26623583f5e63298a8b4b5a492ba90597123af1fc272115621cb7340e2d708d5b5e252f59139b35f0df00abe
  languageName: node
  linkType: hard

"@prisma/engines@npm:4.16.1":
  version: 4.16.1
  resolution: "@prisma/engines@npm:4.16.1"
  checksum: 7b8c1a9e20434edaa919fb24585ebff573c4ace787ea5a135dfefde3571ae31d3f0b0347397774c38be6d2e3fc0087d4e21a2720fe9f7a66ffd870e34377040f
  languageName: node
  linkType: hard

"prisma@npm:^4.16.1":
  version: 4.16.1
  resolution: "prisma@npm:4.16.1"
  dependencies:
    "@prisma/engines": 4.16.1
  bin:
    prisma: build/index.js
    prisma2: build/index.js
  checksum: eb0f43970464fbaa6ba190a714f23d00acd39dcc14fd8a7183dffc51a548cc32040cc5360415787578749862af7501a7bedcf9f2a0e64a3f82e3af402e9439d7
  languageName: node
  linkType: hard

"root-workspace-0b6124@workspace:.":
  version: 0.0.0-use.local
  resolution: "root-workspace-0b6124@workspace:."
  dependencies:
    "@prisma/client": 4.13.0
    prisma: ^4.16.1
  languageName: unknown
  linkType: soft
