# This file is generated by running "yarn install" inside your project.
# Manual changes might be lost - proceed with caution!

__metadata:
  version: 6
  cacheKey: 8

"@cspotcode/source-map-support@npm:^0.8.0":
  version: 0.8.1
  resolution: "@cspotcode/source-map-support@npm:0.8.1"
  dependencies:
    "@jridgewell/trace-mapping": 0.3.9
  checksum: 5718f267085ed8edb3e7ef210137241775e607ee18b77d95aa5bd7514f47f5019aa2d82d96b3bf342ef7aa890a346fa1044532ff7cc3009e7d24fce3ce6200fa
  languageName: node
  linkType: hard

"@jridgewell/resolve-uri@npm:^3.0.3":
  version: 3.1.1
  resolution: "@jridgewell/resolve-uri@npm:3.1.1"
  checksum: f5b441fe7900eab4f9155b3b93f9800a916257f4e8563afbcd3b5a5337b55e52bd8ae6735453b1b745457d9f6cdb16d74cd6220bbdd98cf153239e13f6cbb653
  languageName: node
  linkType: hard

"@jridgewell/sourcemap-codec@npm:^1.4.10":
  version: 1.4.15
  resolution: "@jridgewell/sourcemap-codec@npm:1.4.15"
  checksum: b881c7e503db3fc7f3c1f35a1dd2655a188cc51a3612d76efc8a6eb74728bef5606e6758ee77423e564092b4a518aba569bbb21c9bac5ab7a35b0c6ae7e344c8
  languageName: node
  linkType: hard

"@jridgewell/trace-mapping@npm:0.3.9":
  version: 0.3.9
  resolution: "@jridgewell/trace-mapping@npm:0.3.9"
  dependencies:
    "@jridgewell/resolve-uri": ^3.0.3
    "@jridgewell/sourcemap-codec": ^1.4.10
  checksum: d89597752fd88d3f3480845691a05a44bd21faac18e2185b6f436c3b0fd0c5a859fbbd9aaa92050c4052caf325ad3e10e2e1d1b64327517471b7d51babc0ddef
  languageName: node
  linkType: hard

"@prisma/client@npm:^4.16.1":
  version: 4.16.1
  resolution: "@prisma/client@npm:4.16.1"
  dependencies:
    "@prisma/engines-version": 4.16.0-66.b20ead4d3ab9e78ac112966e242ded703f4a052c
  peerDependencies:
    prisma: "*"
  peerDependenciesMeta:
    prisma:
      optional: true
  checksum: da715b6e930f56493cb7c6232b179250a4e93bbc2b5fe42a84cb9511d127b6fd89e1271f83e1d531bd4fdd7e87f6ac0701b30174cf89212ae7da88097de31026
  languageName: node
  linkType: hard

"@prisma/engines-version@npm:4.16.0-66.b20ead4d3ab9e78ac112966e242ded703f4a052c":
  version: 4.16.0-66.b20ead4d3ab9e78ac112966e242ded703f4a052c
  resolution: "@prisma/engines-version@npm:4.16.0-66.b20ead4d3ab9e78ac112966e242ded703f4a052c"
  checksum: 23183cab33f95e0711cd6cee7642f4beeeb77b8b0aa54b419f55097bfb96863a11a28f6509ab27fef0ea794522e188044ce850993a25c341333f8305711a255f
  languageName: node
  linkType: hard

"@prisma/engines@npm:4.16.1":
  version: 4.16.1
  resolution: "@prisma/engines@npm:4.16.1"
  checksum: 7b8c1a9e20434edaa919fb24585ebff573c4ace787ea5a135dfefde3571ae31d3f0b0347397774c38be6d2e3fc0087d4e21a2720fe9f7a66ffd870e34377040f
  languageName: node
  linkType: hard

"@tsconfig/node10@npm:^1.0.7":
  version: 1.0.9
  resolution: "@tsconfig/node10@npm:1.0.9"
  checksum: a33ae4dc2a621c0678ac8ac4bceb8e512ae75dac65417a2ad9b022d9b5411e863c4c198b6ba9ef659e14b9fb609bbec680841a2e84c1172df7a5ffcf076539df
  languageName: node
  linkType: hard

"@tsconfig/node12@npm:^1.0.7":
  version: 1.0.11
  resolution: "@tsconfig/node12@npm:1.0.11"
  checksum: 5ce29a41b13e7897a58b8e2df11269c5395999e588b9a467386f99d1d26f6c77d1af2719e407621412520ea30517d718d5192a32403b8dfcc163bf33e40a338a
  languageName: node
  linkType: hard

"@tsconfig/node14@npm:^1.0.0":
  version: 1.0.3
  resolution: "@tsconfig/node14@npm:1.0.3"
  checksum: 19275fe80c4c8d0ad0abed6a96dbf00642e88b220b090418609c4376e1cef81bf16237bf170ad1b341452feddb8115d8dd2e5acdfdea1b27422071163dc9ba9d
  languageName: node
  linkType: hard

"@tsconfig/node16@npm:^1.0.2":
  version: 1.0.4
  resolution: "@tsconfig/node16@npm:1.0.4"
  checksum: 202319785901f942a6e1e476b872d421baec20cf09f4b266a1854060efbf78cde16a4d256e8bc949d31e6cd9a90f1e8ef8fb06af96a65e98338a2b6b0de0a0ff
  languageName: node
  linkType: hard

"@types/bluebird@npm:3.5.20":
  version: 3.5.20
  resolution: "@types/bluebird@npm:3.5.20"
  checksum: fc147a9f49b35da9e00c47cb32f7961ca01d9e15cd25646640f54e25eda4711e730b1667b37cab7562e90bf304c5ab30b2a3b130327d2589b17b83036cd783d3
  languageName: node
  linkType: hard

"@types/node@npm:10.3.3":
  version: 10.3.3
  resolution: "@types/node@npm:10.3.3"
  checksum: 520f4ffe2633565eb04378a186b910bca5379ee620ea27e18efadd89d5b0b9c946aa5fb0ae62e045080ea5fb872dbbd47239f7e9e59e3841c1190ac7ef4bb32e
  languageName: node
  linkType: hard

"@types/underscore@npm:1.8.8":
  version: 1.8.8
  resolution: "@types/underscore@npm:1.8.8"
  checksum: 450de35866e9b575256a956e25da4ac6ace26864ba86a4404103213d397bf6c1914729f7ca2d568cb1b4a9d0995bd92af43a8754333b5ff8a15f2e811d439336
  languageName: node
  linkType: hard

"acorn-walk@npm:^8.1.1":
  version: 8.2.0
  resolution: "acorn-walk@npm:8.2.0"
  checksum: 1715e76c01dd7b2d4ca472f9c58968516a4899378a63ad5b6c2d668bba8da21a71976c14ec5f5b75f887b6317c4ae0b897ab141c831d741dc76024d8745f1ad1
  languageName: node
  linkType: hard

"acorn@npm:^8.4.1":
  version: 8.9.0
  resolution: "acorn@npm:8.9.0"
  bin:
    acorn: bin/acorn
  checksum: 25dfb94952386ecfb847e61934de04a4e7c2dc21c2e700fc4e2ef27ce78cb717700c4c4f279cd630bb4774948633c3859fc16063ec8573bda4568e0a312e6744
  languageName: node
  linkType: hard

"alfred-core@workspace:alfred-ts/alfred-core":
  version: 0.0.0-use.local
  resolution: "alfred-core@workspace:alfred-ts/alfred-core"
  dependencies:
    "@prisma/client": ^4.16.1
    comedy: ^2.1.7
    ts-node: ^10.9.1
    typescript: ^5.1.3
  languageName: unknown
  linkType: soft

"ansi-styles@npm:^3.2.1":
  version: 3.2.1
  resolution: "ansi-styles@npm:3.2.1"
  dependencies:
    color-convert: ^1.9.0
  checksum: d85ade01c10e5dd77b6c89f34ed7531da5830d2cb5882c645f330079975b716438cd7ebb81d0d6e6b4f9c577f19ae41ab55f07f19786b02f9dfd9e0377395665
  languageName: node
  linkType: hard

"app-root-path@npm:2.0.1":
  version: 2.0.1
  resolution: "app-root-path@npm:2.0.1"
  checksum: d8fc9a20a828073b305a521d125a62fb6be6a9d52923ada5a9a2ed394ce4aa30404c91b288c6eda86924f3dfecdd3395b0ed45739d7fc8e46a2db5ad3e3b5fc3
  languageName: node
  linkType: hard

"arg@npm:^4.1.0":
  version: 4.1.3
  resolution: "arg@npm:4.1.3"
  checksum: 544af8dd3f60546d3e4aff084d451b96961d2267d668670199692f8d054f0415d86fc5497d0e641e91546f0aa920e7c29e5250e99fc89f5552a34b5d93b77f43
  languageName: node
  linkType: hard

"array-uniq@npm:1.0.2":
  version: 1.0.2
  resolution: "array-uniq@npm:1.0.2"
  checksum: 8c4beb94aa183791da1e155935aba4df3fe2eeb6f491c69e666ca7351f897b9b260fa04d016e0ce766ae8280129c16f11071e17359c81c01741289009bb5ac6d
  languageName: node
  linkType: hard

"async@npm:~1.0.0":
  version: 1.0.0
  resolution: "async@npm:1.0.0"
  checksum: 04d4e57806b1a46b1635a3d821a9bcc06f893d6828a0468ceb494d1857b565754cbbaed22529aef79749dbbe7cf5080bfdb346b54be0e9cd35c41d7ef8d7911f
  languageName: node
  linkType: hard

"babel-polyfill@npm:6.26.0":
  version: 6.26.0
  resolution: "babel-polyfill@npm:6.26.0"
  dependencies:
    babel-runtime: ^6.26.0
    core-js: ^2.5.0
    regenerator-runtime: ^0.10.5
  checksum: 6fb1a3c0bfe1b6fc56ce1afcf531878aa629b309277a05fbf3fe950589b24cb4052a6e487db21d318eb5336b68730a21f5ef62166b6cc8aea3406261054d1118
  languageName: node
  linkType: hard

"babel-runtime@npm:^6.26.0":
  version: 6.26.0
  resolution: "babel-runtime@npm:6.26.0"
  dependencies:
    core-js: ^2.4.0
    regenerator-runtime: ^0.11.0
  checksum: 8aeade94665e67a73c1ccc10f6fd42ba0c689b980032b70929de7a6d9a12eb87ef51902733f8fefede35afea7a5c3ef7e916a64d503446c1eedc9e3284bd3d50
  languageName: node
  linkType: hard

"bluebird@npm:3.4.6":
  version: 3.4.6
  resolution: "bluebird@npm:3.4.6"
  checksum: 4c49fad74c2181279c0642d7d591881538f7a0a3d4b1e4317587f0330a039c973111fb2d2d11fa3f86f103e2b9e29cec8645fb9f5188bc397ba22c0917fe63e6
  languageName: node
  linkType: hard

"bson@npm:2.0.0":
  version: 2.0.0
  resolution: "bson@npm:2.0.0"
  checksum: 40eca409c9a1e9be68a26a805d23bbf1b706359a6029dfbd1cb42cd15436c55ca82b7ef20e69904b495d00e85a877906a8c895dbd876a554d8e7cc4833984ce9
  languageName: node
  linkType: hard

"chalk@npm:^2.3.0":
  version: 2.4.2
  resolution: "chalk@npm:2.4.2"
  dependencies:
    ansi-styles: ^3.2.1
    escape-string-regexp: ^1.0.5
    supports-color: ^5.3.0
  checksum: ec3661d38fe77f681200f878edbd9448821924e0f93a9cefc0e26a33b145f1027a2084bf19967160d11e1f03bfe4eaffcabf5493b89098b2782c3fe0b03d80c2
  languageName: node
  linkType: hard

"color-convert@npm:^1.9.0":
  version: 1.9.3
  resolution: "color-convert@npm:1.9.3"
  dependencies:
    color-name: 1.1.3
  checksum: fd7a64a17cde98fb923b1dd05c5f2e6f7aefda1b60d67e8d449f9328b4e53b228a428fd38bfeaeb2db2ff6b6503a776a996150b80cdf224062af08a5c8a3a203
  languageName: node
  linkType: hard

"color-name@npm:1.1.3":
  version: 1.1.3
  resolution: "color-name@npm:1.1.3"
  checksum: 09c5d3e33d2105850153b14466501f2bfb30324a2f76568a408763a3b7433b0e50e5b4ab1947868e65cb101bb7cb75029553f2c333b6d4b8138a73fcc133d69d
  languageName: node
  linkType: hard

"colors@npm:1.0.x":
  version: 1.0.3
  resolution: "colors@npm:1.0.3"
  checksum: 234e8d3ab7e4003851cdd6a1f02eaa16dabc502ee5f4dc576ad7959c64b7477b15bd21177bab4055a4c0a66aa3d919753958030445f87c39a253d73b7a3637f5
  languageName: node
  linkType: hard

"comedy@npm:^2.1.7":
  version: 2.1.7
  resolution: "comedy@npm:2.1.7"
  dependencies:
    "@types/bluebird": 3.5.20
    "@types/node": 10.3.3
    "@types/underscore": 1.8.8
    app-root-path: 2.0.1
    babel-polyfill: 6.26.0
    bluebird: 3.4.6
    bson: 2.0.0
    jsondiffpatch: 0.3.11
    randomstring: 1.1.5
    require-dir: 0.3.2
    toobusy-js: 0.5.1
    tosource: 1.0.0
    underscore: 1.12.1
    underscore.string: 3.3.5
    winston: 2.4.5
  bin:
    comedy-node: listener-node.js
  checksum: 62fbd8bd344b14f20abeb2087ab48f4761d39336e7a72030988da3e5df1be3b4562353d2167d4ab197df02ae27bfc40c78c36f3cac7419e1d5ea54f5f165a855
  languageName: node
  linkType: hard

"core-js@npm:^2.4.0, core-js@npm:^2.5.0":
  version: 2.6.12
  resolution: "core-js@npm:2.6.12"
  checksum: 44fa9934a85f8c78d61e0c8b7b22436330471ffe59ec5076fe7f324d6e8cf7f824b14b1c81ca73608b13bdb0fef035bd820989bf059767ad6fa13123bb8bd016
  languageName: node
  linkType: hard

"create-require@npm:^1.1.0":
  version: 1.1.1
  resolution: "create-require@npm:1.1.1"
  checksum: a9a1503d4390d8b59ad86f4607de7870b39cad43d929813599a23714831e81c520bddf61bcdd1f8e30f05fd3a2b71ae8538e946eb2786dc65c2bbc520f692eff
  languageName: node
  linkType: hard

"cycle@npm:1.0.x":
  version: 1.0.3
  resolution: "cycle@npm:1.0.3"
  checksum: b9f131094fb832a8c4ba18c6d2dc9c87fc80d3242847a45f0a5f70911b2acab68abc1c25eb23e5155fcf2135a27d8fcc3635556745b03b488c4f360cfbc352df
  languageName: node
  linkType: hard

"diff-match-patch@npm:^1.0.0":
  version: 1.0.5
  resolution: "diff-match-patch@npm:1.0.5"
  checksum: 841522d01b09cccbc4e4402cf61514a81b906349a7d97b67222390f2d35cf5df277cb23959eeed212d5e46afb5629cebab41b87918672c5a05c11c73688630e3
  languageName: node
  linkType: hard

"diff@npm:^4.0.1":
  version: 4.0.2
  resolution: "diff@npm:4.0.2"
  checksum: f2c09b0ce4e6b301c221addd83bf3f454c0bc00caa3dd837cf6c127d6edf7223aa2bbe3b688feea110b7f262adbfc845b757c44c8a9f8c0c5b15d8fa9ce9d20d
  languageName: node
  linkType: hard

"escape-string-regexp@npm:^1.0.5":
  version: 1.0.5
  resolution: "escape-string-regexp@npm:1.0.5"
  checksum: 6092fda75c63b110c706b6a9bfde8a612ad595b628f0bd2147eea1d3406723020810e591effc7db1da91d80a71a737a313567c5abb3813e8d9c71f4aa595b410
  languageName: node
  linkType: hard

"eyes@npm:0.1.x":
  version: 0.1.8
  resolution: "eyes@npm:0.1.8"
  checksum: c31703a92bf36ba75ee8d379ee7985c24ee6149f3a6175f44cec7a05b178c38bce9836d3ca48c9acb0329a960ac2c4b2ead4e60cdd4fe6e8c92cad7cd6913687
  languageName: node
  linkType: hard

"has-flag@npm:^3.0.0":
  version: 3.0.0
  resolution: "has-flag@npm:3.0.0"
  checksum: 4a15638b454bf086c8148979aae044dd6e39d63904cd452d970374fa6a87623423da485dfb814e7be882e05c096a7ccf1ebd48e7e7501d0208d8384ff4dea73b
  languageName: node
  linkType: hard

"isstream@npm:0.1.x":
  version: 0.1.2
  resolution: "isstream@npm:0.1.2"
  checksum: 1eb2fe63a729f7bdd8a559ab552c69055f4f48eb5c2f03724430587c6f450783c8f1cd936c1c952d0a927925180fcc892ebd5b174236cf1065d4bd5bdb37e963
  languageName: node
  linkType: hard

"jsondiffpatch@npm:0.3.11":
  version: 0.3.11
  resolution: "jsondiffpatch@npm:0.3.11"
  dependencies:
    chalk: ^2.3.0
    diff-match-patch: ^1.0.0
  bin:
    jsondiffpatch: ./bin/jsondiffpatch
  checksum: f770e963c1844399bae2d9c48e6692a70864725fb7b4144d1b404d9682da88691568af686b0107de43c04a378fa225ae1204f6c90f4b532d06d06f389fe5a9e0
  languageName: node
  linkType: hard

"make-error@npm:^1.1.1":
  version: 1.3.6
  resolution: "make-error@npm:1.3.6"
  checksum: b86e5e0e25f7f777b77fabd8e2cbf15737972869d852a22b7e73c17623928fccb826d8e46b9951501d3f20e51ad74ba8c59ed584f610526a48f8ccf88aaec402
  languageName: node
  linkType: hard

"prisma@npm:^4.16.1":
  version: 4.16.1
  resolution: "prisma@npm:4.16.1"
  dependencies:
    "@prisma/engines": 4.16.1
  bin:
    prisma: build/index.js
    prisma2: build/index.js
  checksum: eb0f43970464fbaa6ba190a714f23d00acd39dcc14fd8a7183dffc51a548cc32040cc5360415787578749862af7501a7bedcf9f2a0e64a3f82e3af402e9439d7
  languageName: node
  linkType: hard

"randomstring@npm:1.1.5":
  version: 1.1.5
  resolution: "randomstring@npm:1.1.5"
  dependencies:
    array-uniq: 1.0.2
  bin:
    randomstring: bin/randomstring
  checksum: 7e969682b4f6e32fd947870e3ec2b271359c98aecdd2d8370b87a13df5512ac0e19d5bc5846abbae8b204934b77db52ffa9ca5c0b16a8127a79543dbaa5c6a3c
  languageName: node
  linkType: hard

"regenerator-runtime@npm:^0.10.5":
  version: 0.10.5
  resolution: "regenerator-runtime@npm:0.10.5"
  checksum: 35b33dbe5381d268b2be98f4ee4b028702acb38b012bff90723df067f915a337e5c979cce4dab4ed23febb223bbebb8820d46902f897742c55818c22c14e2a7c
  languageName: node
  linkType: hard

"regenerator-runtime@npm:^0.11.0":
  version: 0.11.1
  resolution: "regenerator-runtime@npm:0.11.1"
  checksum: 3c97bd2c7b2b3247e6f8e2147a002eb78c995323732dad5dc70fac8d8d0b758d0295e7015b90d3d444446ae77cbd24b9f9123ec3a77018e81d8999818301b4f4
  languageName: node
  linkType: hard

"require-dir@npm:0.3.2":
  version: 0.3.2
  resolution: "require-dir@npm:0.3.2"
  checksum: fa8e1b69cee3c6ef4c6ab87426b9edce47adeeec8a53f64ed36d37d986bb4f1aee67c395ee86c76b0fcc723765d56c76c4e5a153d0c7e0533196d98b7c4d52d5
  languageName: node
  linkType: hard

"root-workspace-0b6124@workspace:.":
  version: 0.0.0-use.local
  resolution: "root-workspace-0b6124@workspace:."
  dependencies:
    prisma: ^4.16.1
  languageName: unknown
  linkType: soft

"sprintf-js@npm:^1.0.3":
  version: 1.1.2
  resolution: "sprintf-js@npm:1.1.2"
  checksum: d4bb46464632b335e5faed381bd331157e0af64915a98ede833452663bc672823db49d7531c32d58798e85236581fb7342fd0270531ffc8f914e186187bf1c90
  languageName: node
  linkType: hard

"stack-trace@npm:0.0.x":
  version: 0.0.10
  resolution: "stack-trace@npm:0.0.10"
  checksum: 473036ad32f8c00e889613153d6454f9be0536d430eb2358ca51cad6b95cea08a3cc33cc0e34de66b0dad221582b08ed2e61ef8e13f4087ab690f388362d6610
  languageName: node
  linkType: hard

"supports-color@npm:^5.3.0":
  version: 5.5.0
  resolution: "supports-color@npm:5.5.0"
  dependencies:
    has-flag: ^3.0.0
  checksum: 95f6f4ba5afdf92f495b5a912d4abee8dcba766ae719b975c56c084f5004845f6f5a5f7769f52d53f40e21952a6d87411bafe34af4a01e65f9926002e38e1dac
  languageName: node
  linkType: hard

"toobusy-js@npm:0.5.1":
  version: 0.5.1
  resolution: "toobusy-js@npm:0.5.1"
  checksum: 343c9f7052f86d03156acc01e6cf7914557a64514f64cae018bd7d51373b93c056471f078825c8098feb54d2ad5949492d46b823ef3ce17939461ecb718490d7
  languageName: node
  linkType: hard

"tosource@npm:1.0.0":
  version: 1.0.0
  resolution: "tosource@npm:1.0.0"
  checksum: 683fc64700484cd749b6eed461c2d105e251df7caf886484ff824bcf1249e365210d65c4f2ca3ced30baa34ea7912c656984e084aaada669920b44e2437c1c05
  languageName: node
  linkType: hard

"ts-node@npm:^10.9.1":
  version: 10.9.1
  resolution: "ts-node@npm:10.9.1"
  dependencies:
    "@cspotcode/source-map-support": ^0.8.0
    "@tsconfig/node10": ^1.0.7
    "@tsconfig/node12": ^1.0.7
    "@tsconfig/node14": ^1.0.0
    "@tsconfig/node16": ^1.0.2
    acorn: ^8.4.1
    acorn-walk: ^8.1.1
    arg: ^4.1.0
    create-require: ^1.1.0
    diff: ^4.0.1
    make-error: ^1.1.1
    v8-compile-cache-lib: ^3.0.1
    yn: 3.1.1
  peerDependencies:
    "@swc/core": ">=1.2.50"
    "@swc/wasm": ">=1.2.50"
    "@types/node": "*"
    typescript: ">=2.7"
  peerDependenciesMeta:
    "@swc/core":
      optional: true
    "@swc/wasm":
      optional: true
  bin:
    ts-node: dist/bin.js
    ts-node-cwd: dist/bin-cwd.js
    ts-node-esm: dist/bin-esm.js
    ts-node-script: dist/bin-script.js
    ts-node-transpile-only: dist/bin-transpile.js
    ts-script: dist/bin-script-deprecated.js
  checksum: 090adff1302ab20bd3486e6b4799e90f97726ed39e02b39e566f8ab674fd5bd5f727f43615debbfc580d33c6d9d1c6b1b3ce7d8e3cca3e20530a145ffa232c35
  languageName: node
  linkType: hard

"typescript@npm:^5.1.3":
  version: 5.1.3
  resolution: "typescript@npm:5.1.3"
  bin:
    tsc: bin/tsc
    tsserver: bin/tsserver
  checksum: d9d51862d98efa46534f2800a1071a613751b1585dc78884807d0c179bcd93d6e9d4012a508e276742f5f33c480adefc52ffcafaf9e0e00ab641a14cde9a31c7
  languageName: node
  linkType: hard

"typescript@patch:typescript@^5.1.3#~builtin<compat/typescript>":
  version: 5.1.3
  resolution: "typescript@patch:typescript@npm%3A5.1.3#~builtin<compat/typescript>::version=5.1.3&hash=5da071"
  bin:
    tsc: bin/tsc
    tsserver: bin/tsserver
  checksum: 6f0a9dca6bf4ce9dcaf4e282aade55ef4c56ecb5fb98d0a4a5c0113398815aea66d871b5611e83353e5953a19ed9ef103cf5a76ac0f276d550d1e7cd5344f61e
  languageName: node
  linkType: hard

"underscore.string@npm:3.3.5":
  version: 3.3.5
  resolution: "underscore.string@npm:3.3.5"
  dependencies:
    sprintf-js: ^1.0.3
    util-deprecate: ^1.0.2
  checksum: 86c60f4e9c3176ae77a548ec2ac659cc3cf48b93c7cff7d548f7c91569fc15885c90816245bf4d6925241f64b54508fc60aac562246ea2de2e50d0411e82a702
  languageName: node
  linkType: hard

"underscore@npm:1.12.1":
  version: 1.12.1
  resolution: "underscore@npm:1.12.1"
  checksum: ec327603aa112b99fe9d74cd9bf3b3b7451465a9d2610ceab269a532e3f191650ab017903be34dc86fe406a11d04d8905a3b04dd4c129493e51bee09a3f3074c
  languageName: node
  linkType: hard

"util-deprecate@npm:^1.0.2":
  version: 1.0.2
  resolution: "util-deprecate@npm:1.0.2"
  checksum: 474acf1146cb2701fe3b074892217553dfcf9a031280919ba1b8d651a068c9b15d863b7303cb15bd00a862b498e6cf4ad7b4a08fb134edd5a6f7641681cb54a2
  languageName: node
  linkType: hard

"v8-compile-cache-lib@npm:^3.0.1":
  version: 3.0.1
  resolution: "v8-compile-cache-lib@npm:3.0.1"
  checksum: 78089ad549e21bcdbfca10c08850022b22024cdcc2da9b168bcf5a73a6ed7bf01a9cebb9eac28e03cd23a684d81e0502797e88f3ccd27a32aeab1cfc44c39da0
  languageName: node
  linkType: hard

"winston@npm:2.4.5":
  version: 2.4.5
  resolution: "winston@npm:2.4.5"
  dependencies:
    async: ~1.0.0
    colors: 1.0.x
    cycle: 1.0.x
    eyes: 0.1.x
    isstream: 0.1.x
    stack-trace: 0.0.x
  checksum: aba54cae4c97df6f01c6ad98b5ecbf79eaa79326b5f99c379063e91a9bd6dd961b2958768d850546b7a54ef159ecc67bcaf08a6fec4029592be7436d955460f0
  languageName: node
  linkType: hard

"yn@npm:3.1.1":
  version: 3.1.1
  resolution: "yn@npm:3.1.1"
  checksum: 2c487b0e149e746ef48cda9f8bad10fc83693cd69d7f9dcd8be4214e985de33a29c9e24f3c0d6bcf2288427040a8947406ab27f7af67ee9456e6b84854f02dd6
  languageName: node
  linkType: hard
